
Microsoft Visual Studio Solution File, Format Version 12.00
# Visual Studio Version 16
VisualStudioVersion = 16.0.31129.286
MinimumVisualStudioVersion = 10.0.40219.1
Project("{FAE04EC0-301F-11D3-BF4B-00C04F79EFBC}") = "MATRIZ", "MATRIZ\MATRIZ.csproj", "{56DBAA1C-DA8A-478C-9287-FE2B3CB937F0}"
EndProject
Global
	GlobalSection(SolutionConfigurationPlatforms) = preSolution
		Debug|Any CPU = Debug|Any CPU
		Release|Any CPU = Release|Any CPU
	EndGlobalSection
	GlobalSection(ProjectConfigurationPlatforms) = postSolution
		{56DBAA1C-DA8A-478C-9287-FE2B3CB937F0}.Debug|Any CPU.ActiveCfg = Debug|Any CPU
		{56DBAA1C-DA8A-478C-9287-FE2B3CB937F0}.Debug|Any CPU.Build.0 = Debug|Any CPU
		{56DBAA1C-DA8A-478C-9287-FE2B3CB937F0}.Release|Any CPU.ActiveCfg = Release|Any CPU
		{56DBAA1C-DA8A-478C-9287-FE2B3CB937F0}.Release|Any CPU.Build.0 = Release|Any CPU
	EndGlobalSection
	GlobalSection(SolutionProperties) = preSolution
		HideSolutionNode = FALSE
	EndGlobalSection
	GlobalSection(ExtensibilityGlobals) = postSolution
		SolutionGuid = {308FEE77-3D71-49E6-905C-5CA1C3ABCD9D}
	EndGlobalSection
EndGlobal
